// !$*UTF8*$!
{
	archiveVersion = 1;
	classes = {
	};
	objectVersion = 48;
	objects = {

/* Begin PBXBuildFile section */
		01AFFC0E202B106E00C3FC5B /* AppDelegate.swift in Sources */ = {isa = PBXBuildFile; fileRef = 01AFFC0D202B106E00C3FC5B /* AppDelegate.swift */; };
		01AFFC10202B106E00C3FC5B /* ViewController.swift in Sources */ = {isa = PBXBuildFile; fileRef = 01AFFC0F202B106E00C3FC5B /* ViewController.swift */; };
		01AFFC13202B106E00C3FC5B /* Main.storyboard in Resources */ = {isa = PBXBuildFile; fileRef = 01AFFC11202B106E00C3FC5B /* Main.storyboard */; };
		01AFFC15202B106E00C3FC5B /* Assets.xcassets in Resources */ = {isa = PBXBuildFile; fileRef = 01AFFC14202B106E00C3FC5B /* Assets.xcassets */; };
		01AFFC18202B106E00C3FC5B /* LaunchScreen.storyboard in Resources */ = {isa = PBXBuildFile; fileRef = 01AFFC16202B106E00C3FC5B /* LaunchScreen.storyboard */; };
		01AFFC22202B10A500C3FC5B /* StickerView.swift in Sources */ = {isa = PBXBuildFile; fileRef = 01AFFC21202B10A500C3FC5B /* StickerView.swift */; };
/* End PBXBuildFile section */

/* Begin PBXFileReference section */
		01AFFC0A202B106E00C3FC5B /* StickerViewSample.app */ = {isa = PBXFileReference; explicitFileType = wrapper.application; includeInIndex = 0; path = StickerViewSample.app; sourceTree = BUILT_PRODUCTS_DIR; };
		01AFFC0D202B106E00C3FC5B /* AppDelegate.swift */ = {isa = PBXFileReference; lastKnownFileType = sourcecode.swift; path = AppDelegate.swift; sourceTree = "<group>"; };
		01AFFC0F202B106E00C3FC5B /* ViewController.swift */ = {isa = PBXFileReference; lastKnownFileType = sourcecode.swift; path = ViewController.swift; sourceTree = "<group>"; };
		01AFFC12202B106E00C3FC5B /* Base */ = {isa = PBXFileReference; lastKnownFileType = file.storyboard; name = Base; path = Base.lproj/Main.storyboard; sourceTree = "<group>"; };
		01AFFC14202B106E00C3FC5B /* Assets.xcassets */ = {isa = PBXFileReference; lastKnownFileType = folder.assetcatalog; path = Assets.xcassets; sourceTree = "<group>"; };
		01AFFC17202B106E00C3FC5B /* Base */ = {isa = PBXFileReference; lastKnownFileType = file.storyboard; name = Base; path = Base.lproj/LaunchScreen.storyboard; sourceTree = "<group>"; };
		01AFFC19202B106E00C3FC5B /* Info.plist */ = {isa = PBXFileReference; lastKnownFileType = text.plist.xml; path = Info.plist; sourceTree = "<group>"; };
		01AFFC21202B10A500C3FC5B /* StickerView.swift */ = {isa = PBXFileReference; fileEncoding = 4; lastKnownFileType = sourcecode.swift; path = StickerView.swift; sourceTree = "<group>"; };
/* End PBXFileReference section */

/* Begin PBXFrameworksBuildPhase section */
		01AFFC07202B106E00C3FC5B /* Frameworks */ = {
			isa = PBXFrameworksBuildPhase;
			buildActionMask = 2147483647;
			files = (
			);
			runOnlyForDeploymentPostprocessing = 0;
		};
/* End PBXFrameworksBuildPhase section */

/* Begin PBXGroup section */
		01AFFC01202B106E00C3FC5B = {
			isa = PBXGroup;
			children = (
				01AFFC1F202B10A500C3FC5B /* Frameworks */,
				01AFFC0C202B106E00C3FC5B /* StickerViewSample */,
				01AFFC0B202B106E00C3FC5B /* Products */,
			);
			sourceTree = "<group>";
		};
		01AFFC0B202B106E00C3FC5B /* Products */ = {
			isa = PBXGroup;
			children = (
				01AFFC0A202B106E00C3FC5B /* StickerViewSample.app */,
			);
			name = Products;
			sourceTree = "<group>";
		};
		01AFFC0C202B106E00C3FC5B /* StickerViewSample */ = {
			isa = PBXGroup;
			children = (
				01AFFC0D202B106E00C3FC5B /* AppDelegate.swift */,
				01AFFC0F202B106E00C3FC5B /* ViewController.swift */,
				01AFFC11202B106E00C3FC5B /* Main.storyboard */,
				01AFFC14202B106E00C3FC5B /* Assets.xcassets */,
				01AFFC16202B106E00C3FC5B /* LaunchScreen.storyboard */,
				01AFFC19202B106E00C3FC5B /* Info.plist */,
			);
			path = StickerViewSample;
			sourceTree = "<group>";
		};
		01AFFC1F202B10A500C3FC5B /* Frameworks */ = {
			isa = PBXGroup;
			children = (
				01AFFC20202B10A500C3FC5B /* StickerView */,
			);
			path = Frameworks;
			sourceTree = "<group>";
		};
		01AFFC20202B10A500C3FC5B /* StickerView */ = {
			isa = PBXGroup;
			children = (
				01AFFC21202B10A500C3FC5B /* StickerView.swift */,
			);
			path = StickerView;
			sourceTree = "<group>";
		};
/* End PBXGroup section */

/* Begin PBXNativeTarget section */
		01AFFC09202B106E00C3FC5B /* StickerViewSample */ = {
			isa = PBXNativeTarget;
			buildConfigurationList = 01AFFC1C202B106E00C3FC5B /* Build configuration list for PBXNativeTarget "StickerViewSample" */;
			buildPhases = (
				01AFFC06202B106E00C3FC5B /* Sources */,
				01AFFC07202B106E00C3FC5B /* Frameworks */,
				01AFFC08202B106E00C3FC5B /* Resources */,
			);
			buildRules = (
			);
			dependencies = (
			);
			name = StickerViewSample;
			productName = StickerViewSample;
			productReference = 01AFFC0A202B106E00C3FC5B /* StickerViewSample.app */;
			productType = "com.apple.product-type.application";
		};
/* End PBXNativeTarget section */

/* Begin PBXProject section */
		01AFFC02202B106E00C3FC5B /* Project object */ = {
			isa = PBXProject;
			attributes = {
				LastSwiftUpdateCheck = 0920;
				LastUpgradeCheck = 0920;
				ORGANIZATIONNAME = "Edgar Sia";
				TargetAttributes = {
					01AFFC09202B106E00C3FC5B = {
						CreatedOnToolsVersion = 9.2;
						ProvisioningStyle = Automatic;
					};
				};
			};
			buildConfigurationList = 01AFFC05202B106E00C3FC5B /* Build configuration list for PBXProject "StickerViewSample" */;
			compatibilityVersion = "Xcode 8.0";
			developmentRegion = en;
			hasScannedForEncodings = 0;
			knownRegions = (
				en,
				Base,
			);
			mainGroup = 01AFFC01202B106E00C3FC5B;
			productRefGroup = 01AFFC0B202B106E00C3FC5B /* Products */;
			projectDirPath = "";
			projectRoot = "";
			targets = (
				01AFFC09202B106E00C3FC5B /* StickerViewSample */,
			);
		};
/* End PBXProject section */

/* Begin PBXResourcesBuildPhase section */
		01AFFC08202B106E00C3FC5B /* Resources */ = {
			isa = PBXResourcesBuildPhase;
			buildActionMask = 2147483647;
			files = (
				01AFFC18202B106E00C3FC5B /* LaunchScreen.storyboard in Resources */,
				01AFFC15202B106E00C3FC5B /* Assets.xcassets in Resources */,
				01AFFC13202B106E00C3FC5B /* Main.storyboard in Resources */,
			);
			runOnlyForDeploymentPostprocessing = 0;
		};
/* End PBXResourcesBuildPhase section */

/* Begin PBXSourcesBuildPhase section */
		01AFFC06202B106E00C3FC5B /* Sources */ = {
			isa = PBXSourcesBuildPhase;
			buildActionMask = 2147483647;
			files = (
				01AFFC10202B106E00C3FC5B /* ViewController.swift in Sources */,
				01AFFC0E202B106E00C3FC5B /* AppDelegate.swift in Sources */,
				01AFFC22202B10A500C3FC5B /* StickerView.swift in Sources */,
			);
			runOnlyForDeploymentPostprocessing = 0;
		};
/* End PBXSourcesBuildPhase section */

/* Begin PBXVariantGroup section */
		01AFFC11202B106E00C3FC5B /* Main.storyboard */ = {
			isa = PBXVariantGroup;
			children = (
				01AFFC12202B106E00C3FC5B /* Base */,
			);
			name = Main.storyboard;
			sourceTree = "<group>";
		};
		01AFFC16202B106E00C3FC5B /* LaunchScreen.storyboard */ = {
			isa = PBXVariantGroup;
			children = (
				01AFFC17202B106E00C3FC5B /* Base */,
			);
			name = LaunchScreen.storyboard;
			sourceTree = "<group>";
		};
/* End PBXVariantGroup section */

/* Begin XCBuildConfiguration section */
		01AFFC1A202B106E00C3FC5B /* Debug */ = {
			isa = XCBuildConfiguration;
			buildSettings = {
				ALWAYS_SEARCH_USER_PATHS = NO;
				CLANG_ANALYZER_NONNULL = YES;
				CLANG_ANALYZER_NUMBER_OBJECT_CONVERSION = YES_AGGRESSIVE;
				CLANG_CXX_LANGUAGE_STANDARD = "gnu++14";
				CLANG_CXX_LIBRARY = "libc++";
				CLANG_ENABLE_MODULES = YES;
				CLANG_ENABLE_OBJC_ARC = YES;
				CLANG_WARN_BLOCK_CAPTURE_AUTORELEASING = YES;
				CLANG_WARN_BOOL_CONVERSION = YES;
				CLANG_WARN_COMMA = YES;
				CLANG_WARN_CONSTANT_CONVERSION = YES;
				CLANG_WARN_DIRECT_OBJC_ISA_USAGE = YES_ERROR;
				CLANG_WARN_DOCUMENTATION_COMMENTS = YES;
				CLANG_WARN_EMPTY_BODY = YES;
				CLANG_WARN_ENUM_CONVERSION = YES;
				CLANG_WARN_INFINITE_RECURSION = YES;
				CLANG_WARN_INT_CONVERSION = YES;
				CLANG_WARN_NON_LITERAL_NULL_CONVERSION = YES;
				CLANG_WARN_OBJC_LITERAL_CONVERSION = YES;
				CLANG_WARN_OBJC_ROOT_CLASS = YES_ERROR;
				CLANG_WARN_RANGE_LOOP_ANALYSIS = YES;
				CLANG_WARN_STRICT_PROTOTYPES = YES;
				CLANG_WARN_SUSPICIOUS_MOVE = YES;
				CLANG_WARN_UNGUARDED_AVAILABILITY = YES_AGGRESSIVE;
				CLANG_WARN_UNREACHABLE_CODE = YES;
				CLANG_WARN__DUPLICATE_METHOD_MATCH = YES;
				CODE_SIGN_IDENTITY = "iPhone Developer";
				COPY_PHASE_STRIP = NO;
				DEBUG_INFORMATION_FORMAT = dwarf;
				ENABLE_STRICT_OBJC_MSGSEND = YES;
				ENABLE_TESTABILITY = YES;
				GCC_C_LANGUAGE_STANDARD = gnu11;
				GCC_DYNAMIC_NO_PIC = NO;
				GCC_NO_COMMON_BLOCKS = YES;
				GCC_OPTIMIZATION_LEVEL = 0;
				GCC_PREPROCESSOR_DEFINITIONS = (
					"DEBUG=1",
					"$(inherited)",
				);
				GCC_WARN_64_TO_32_BIT_CONVERSION = YES;
				GCC_WARN_ABOUT_RETURN_TYPE = YES_ERROR;
				GCC_WARN_UNDECLARED_SELECTOR = YES;
				GCC_WARN_UNINITIALIZED_AUTOS = YES_AGGRESSIVE;
				GCC_WARN_UNUSED_FUNCTION = YES;
				GCC_WARN_UNUSED_VARIABLE = YES;
				IPHONEOS_DEPLOYMENT_TARGET = 11.2;
				MTL_ENABLE_DEBUG_INFO = YES;
				ONLY_ACTIVE_ARCH = YES;
				SDKROOT = iphoneos;
				SWIFT_ACTIVE_COMPILATION_CONDITIONS = DEBUG;
				SWIFT_OPTIMIZATION_LEVEL = "-Onone";
			};
			name = Debug;
		};
		01AFFC1B202B106E00C3FC5B /* Release */ = {
			isa = XCBuildConfiguration;
			buildSettings = {
				ALWAYS_SEARCH_USER_PATHS = NO;
				CLANG_ANALYZER_NONNULL = YES;
				CLANG_ANALYZER_NUMBER_OBJECT_CONVERSION = YES_AGGRESSIVE;
				CLANG_CXX_LANGUAGE_STANDARD = "gnu++14";
				CLANG_CXX_LIBRARY = "libc++";
				CLANG_ENABLE_MODULES = YES;
				CLANG_ENABLE_OBJC_ARC = YES;
				CLANG_WARN_BLOCK_CAPTURE_AUTORELEASING = YES;
				CLANG_WARN_BOOL_CONVERSION = YES;
				CLANG_WARN_COMMA = YES;
				CLANG_WARN_CONSTANT_CONVERSION = YES;
				CLANG_WARN_DIRECT_OBJC_ISA_USAGE = YES_ERROR;
				CLANG_WARN_DOCUMENTATION_COMMENTS = YES;
				CLANG_WARN_EMPTY_BODY = YES;
				CLANG_WARN_ENUM_CONVERSION = YES;
				CLANG_WARN_INFINITE_RECURSION = YES;
				CLANG_WARN_INT_CONVERSION = YES;
				CLANG_WARN_NON_LITERAL_NULL_CONVERSION = YES;
				CLANG_WARN_OBJC_LITERAL_CONVERSION = YES;
				CLANG_WARN_OBJC_ROOT_CLASS = YES_ERROR;
				CLANG_WARN_RANGE_LOOP_ANALYSIS = YES;
				CLANG_WARN_STRICT_PROTOTYPES = YES;
				CLANG_WARN_SUSPICIOUS_MOVE = YES;
				CLANG_WARN_UNGUARDED_AVAILABILITY = YES_AGGRESSIVE;
				CLANG_WARN_UNREACHABLE_CODE = YES;
				CLANG_WARN__DUPLICATE_METHOD_MATCH = YES;
				CODE_SIGN_IDENTITY = "iPhone Developer";
				COPY_PHASE_STRIP = NO;
				DEBUG_INFORMATION_FORMAT = "dwarf-with-dsym";
				ENABLE_NS_ASSERTIONS = NO;
				ENABLE_STRICT_OBJC_MSGSEND = YES;
				GCC_C_LANGUAGE_STANDARD = gnu11;
				GCC_NO_COMMON_BLOCKS = YES;
				GCC_WARN_64_TO_32_BIT_CONVERSION = YES;
				GCC_WARN_ABOUT_RETURN_TYPE = YES_ERROR;
				GCC_WARN_UNDECLARED_SELECTOR = YES;
				GCC_WARN_UNINITIALIZED_AUTOS = YES_AGGRESSIVE;
				GCC_WARN_UNUSED_FUNCTION = YES;
				GCC_WARN_UNUSED_VARIABLE = YES;
				IPHONEOS_DEPLOYMENT_TARGET = 11.2;
				MTL_ENABLE_DEBUG_INFO = NO;
				SDKROOT = iphoneos;
				SWIFT_OPTIMIZATION_LEVEL = "-Owholemodule";
				VALIDATE_PRODUCT = YES;
			};
			name = Release;
		};
		01AFFC1D202B106E00C3FC5B /* Debug */ = {
			isa = XCBuildConfiguration;
			buildSettings = {
				ASSETCATALOG_COMPILER_APPICON_NAME = AppIcon;
				CODE_SIGN_STYLE = Automatic;
				DEVELOPMENT_TEAM = 57997T9892;
				INFOPLIST_FILE = StickerViewSample/Info.plist;
				LD_RUNPATH_SEARCH_PATHS = "$(inherited) @executable_path/Frameworks";
				PRODUCT_BUNDLE_IDENTIFIER = injap.sia.StickerViewSample;
				PRODUCT_NAME = "$(TARGET_NAME)";
				SWIFT_VERSION = 4.0;
				TARGETED_DEVICE_FAMILY = "1,2";
			};
			name = Debug;
		};
		01AFFC1E202B106E00C3FC5B /* Release */ = {
			isa = XCBuildConfiguration;
			buildSettings = {
				ASSETCATALOG_COMPILER_APPICON_NAME = AppIcon;
				CODE_SIGN_STYLE = Automatic;
				DEVELOPMENT_TEAM = 57997T9892;
				INFOPLIST_FILE = StickerViewSample/Info.plist;
				LD_RUNPATH_SEARCH_PATHS = "$(inherited) @executable_path/Frameworks";
				PRODUCT_BUNDLE_IDENTIFIER = injap.sia.StickerViewSample;
				PRODUCT_NAME = "$(TARGET_NAME)";
				SWIFT_VERSION = 4.0;
				TARGETED_DEVICE_FAMILY = "1,2";
			};
			name = Release;
		};
/* End XCBuildConfiguration section */

/* Begin XCConfigurationList section */
		01AFFC05202B106E00C3FC5B /* Build configuration list for PBXProject "StickerViewSample" */ = {
			isa = XCConfigurationList;
			buildConfigurations = (
				01AFFC1A202B106E00C3FC5B /* Debug */,
				01AFFC1B202B106E00C3FC5B /* Release */,
			);
			defaultConfigurationIsVisible = 0;
			defaultConfigurationName = Release;
		};
		01AFFC1C202B106E00C3FC5B /* Build configuration list for PBXNativeTarget "StickerViewSample" */ = {
			isa = XCConfigurationList;
			buildConfigurations = (
				01AFFC1D202B106E00C3FC5B /* Debug */,
				01AFFC1E202B106E00C3FC5B /* Release */,
			);
			defaultConfigurationIsVisible = 0;
			defaultConfigurationName = Release;
		};
/* End XCConfigurationList section */
	};
	rootObject = 01AFFC02202B106E00C3FC5B /* Project object */;
}
